// !$*UTF8*$!
{
	archiveVersion = 1;
	classes = {
	};
	objectVersion = 46;
	objects = {

/* Begin PBXBuildFile section */
		B176F5F41AAC5F930032C74D /* AppDelegate.swift in Sources */ = {isa = PBXBuildFile; fileRef = B176F5F31AAC5F930032C74D /* AppDelegate.swift */; };
		B176F5F61AAC5F930032C74D /* ViewController.swift in Sources */ = {isa = PBXBuildFile; fileRef = B176F5F51AAC5F930032C74D /* ViewController.swift */; };
		B176F5F91AAC5F930032C74D /* Main.storyboard in Resources */ = {isa = PBXBuildFile; fileRef = B176F5F71AAC5F930032C74D /* Main.storyboard */; };
		B176F5FB1AAC5F930032C74D /* Images.xcassets in Resources */ = {isa = PBXBuildFile; fileRef = B176F5FA1AAC5F930032C74D /* Images.xcassets */; };
		B176F5FE1AAC5F930032C74D /* LaunchScreen.xib in Resources */ = {isa = PBXBuildFile; fileRef = B176F5FC1AAC5F930032C74D /* LaunchScreen.xib */; };
		B176F60A1AAC5F930032C74D /* CassiniTests.swift in Sources */ = {isa = PBXBuildFile; fileRef = B176F6091AAC5F930032C74D /* CassiniTests.swift */; };
/* End PBXBuildFile section */

/* Begin PBXContainerItemProxy section */
		B176F6041AAC5F930032C74D /* PBXContainerItemProxy */ = {
			isa = PBXContainerItemProxy;
			containerPortal = B176F5E61AAC5F930032C74D /* Project object */;
			proxyType = 1;
			remoteGlobalIDString = B176F5ED1AAC5F930032C74D;
			remoteInfo = Cassini;
		};
/* End PBXContainerItemProxy section */

/* Begin PBXFileReference section */
		B176F5EE1AAC5F930032C74D /* Cassini.app */ = {isa = PBXFileReference; explicitFileType = wrapper.application; includeInIndex = 0; path = Cassini.app; sourceTree = BUILT_PRODUCTS_DIR; };
		B176F5F21AAC5F930032C74D /* Info.plist */ = {isa = PBXFileReference; lastKnownFileType = text.plist.xml; path = Info.plist; sourceTree = "<group>"; };
		B176F5F31AAC5F930032C74D /* AppDelegate.swift */ = {isa = PBXFileReference; lastKnownFileType = sourcecode.swift; path = AppDelegate.swift; sourceTree = "<group>"; };
		B176F5F51AAC5F930032C74D /* ViewController.swift */ = {isa = PBXFileReference; lastKnownFileType = sourcecode.swift; path = ViewController.swift; sourceTree = "<group>"; };
		B176F5F81AAC5F930032C74D /* Base */ = {isa = PBXFileReference; lastKnownFileType = file.storyboard; name = Base; path = Base.lproj/Main.storyboard; sourceTree = "<group>"; };
		B176F5FA1AAC5F930032C74D /* Images.xcassets */ = {isa = PBXFileReference; lastKnownFileType = folder.assetcatalog; path = Images.xcassets; sourceTree = "<group>"; };
		B176F5FD1AAC5F930032C74D /* Base */ = {isa = PBXFileReference; lastKnownFileType = file.xib; name = Base; path = Base.lproj/LaunchScreen.xib; sourceTree = "<group>"; };
		B176F6031AAC5F930032C74D /* CassiniTests.xctest */ = {isa = PBXFileReference; explicitFileType = wrapper.cfbundle; includeInIndex = 0; path = CassiniTests.xctest; sourceTree = BUILT_PRODUCTS_DIR; };
		B176F6081AAC5F930032C74D /* Info.plist */ = {isa = PBXFileReference; lastKnownFileType = text.plist.xml; path = Info.plist; sourceTree = "<group>"; };
		B176F6091AAC5F930032C74D /* CassiniTests.swift */ = {isa = PBXFileReference; lastKnownFileType = sourcecode.swift; path = CassiniTests.swift; sourceTree = "<group>"; };
/* End PBXFileReference section */

/* Begin PBXFrameworksBuildPhase section */
		B176F5EB1AAC5F930032C74D /* Frameworks */ = {
			isa = PBXFrameworksBuildPhase;
			buildActionMask = 2147483647;
			files = (
			);
			runOnlyForDeploymentPostprocessing = 0;
		};
		B176F6001AAC5F930032C74D /* Frameworks */ = {
			isa = PBXFrameworksBuildPhase;
			buildActionMask = 2147483647;
			files = (
			);
			runOnlyForDeploymentPostprocessing = 0;
		};
/* End PBXFrameworksBuildPhase section */

/* Begin PBXGroup section */
		B176F5E51AAC5F930032C74D = {
			isa = PBXGroup;
			children = (
				B176F5F01AAC5F930032C74D /* Cassini */,
				B176F6061AAC5F930032C74D /* CassiniTests */,
				B176F5EF1AAC5F930032C74D /* Products */,
			);
			sourceTree = "<group>";
		};
		B176F5EF1AAC5F930032C74D /* Products */ = {
			isa = PBXGroup;
			children = (
				B176F5EE1AAC5F930032C74D /* Cassini.app */,
				B176F6031AAC5F930032C74D /* CassiniTests.xctest */,
			);
			name = Products;
			sourceTree = "<group>";
		};
		B176F5F01AAC5F930032C74D /* Cassini */ = {
			isa = PBXGroup;
			children = (
				B176F5F31AAC5F930032C74D /* AppDelegate.swift */,
				B176F5F51AAC5F930032C74D /* ViewController.swift */,
				B176F5F71AAC5F930032C74D /* Main.storyboard */,
				B176F5FA1AAC5F930032C74D /* Images.xcassets */,
				B176F5FC1AAC5F930032C74D /* LaunchScreen.xib */,
				B176F5F11AAC5F930032C74D /* Supporting Files */,
			);
			path = Cassini;
			sourceTree = "<group>";
		};
		B176F5F11AAC5F930032C74D /* Supporting Files */ = {
			isa = PBXGroup;
			children = (
				B176F5F21AAC5F930032C74D /* Info.plist */,
			);
			name = "Supporting Files";
			sourceTree = "<group>";
		};
		B176F6061AAC5F930032C74D /* CassiniTests */ = {
			isa = PBXGroup;
			children = (
				B176F6091AAC5F930032C74D /* CassiniTests.swift */,
				B176F6071AAC5F930032C74D /* Supporting Files */,
			);
			path = CassiniTests;
			sourceTree = "<group>";
		};
		B176F6071AAC5F930032C74D /* Supporting Files */ = {
			isa = PBXGroup;
			children = (
				B176F6081AAC5F930032C74D /* Info.plist */,
			);
			name = "Supporting Files";
			sourceTree = "<group>";
		};
/* End PBXGroup section */

/* Begin PBXNativeTarget section */
		B176F5ED1AAC5F930032C74D /* Cassini */ = {
			isa = PBXNativeTarget;
			buildConfigurationList = B176F60D1AAC5F930032C74D /* Build configuration list for PBXNativeTarget "Cassini" */;
			buildPhases = (
				B176F5EA1AAC5F930032C74D /* Sources */,
				B176F5EB1AAC5F930032C74D /* Frameworks */,
				B176F5EC1AAC5F930032C74D /* Resources */,
			);
			buildRules = (
			);
			dependencies = (
			);
			name = Cassini;
			productName = Cassini;
			productReference = B176F5EE1AAC5F930032C74D /* Cassini.app */;
			productType = "com.apple.product-type.application";
		};
		B176F6021AAC5F930032C74D /* CassiniTests */ = {
			isa = PBXNativeTarget;
			buildConfigurationList = B176F6101AAC5F930032C74D /* Build configuration list for PBXNativeTarget "CassiniTests" */;
			buildPhases = (
				B176F5FF1AAC5F930032C74D /* Sources */,
				B176F6001AAC5F930032C74D /* Frameworks */,
				B176F6011AAC5F930032C74D /* Resources */,
			);
			buildRules = (
			);
			dependencies = (
				B176F6051AAC5F930032C74D /* PBXTargetDependency */,
			);
			name = CassiniTests;
			productName = CassiniTests;
			productReference = B176F6031AAC5F930032C74D /* CassiniTests.xctest */;
			productType = "com.apple.product-type.bundle.unit-test";
		};
/* End PBXNativeTarget section */

/* Begin PBXProject section */
		B176F5E61AAC5F930032C74D /* Project object */ = {
			isa = PBXProject;
			attributes = {
				LastUpgradeCheck = 0610;
				ORGANIZATIONNAME = "H Hugo Fakman";
				TargetAttributes = {
					B176F5ED1AAC5F930032C74D = {
						CreatedOnToolsVersion = 6.1.1;
					};
					B176F6021AAC5F930032C74D = {
						CreatedOnToolsVersion = 6.1.1;
						TestTargetID = B176F5ED1AAC5F930032C74D;
					};
				};
			};
			buildConfigurationList = B176F5E91AAC5F930032C74D /* Build configuration list for PBXProject "Cassini" */;
			compatibilityVersion = "Xcode 3.2";
			developmentRegion = English;
			hasScannedForEncodings = 0;
			knownRegions = (
				en,
				Base,
			);
			mainGroup = B176F5E51AAC5F930032C74D;
			productRefGroup = B176F5EF1AAC5F930032C74D /* Products */;
			projectDirPath = "";
			projectRoot = "";
			targets = (
				B176F5ED1AAC5F930032C74D /* Cassini */,
				B176F6021AAC5F930032C74D /* CassiniTests */,
			);
		};
/* End PBXProject section */

/* Begin PBXResourcesBuildPhase section */
		B176F5EC1AAC5F930032C74D /* Resources */ = {
			isa = PBXResourcesBuildPhase;
			buildActionMask = 2147483647;
			files = (
				B176F5F91AAC5F930032C74D /* Main.storyboard in Resources */,
				B176F5FE1AAC5F930032C74D /* LaunchScreen.xib in Resources */,
				B176F5FB1AAC5F930032C74D /* Images.xcassets in Resources */,
			);
			runOnlyForDeploymentPostprocessing = 0;
		};
		B176F6011AAC5F930032C74D /* Resources */ = {
			isa = PBXResourcesBuildPhase;
			buildActionMask = 2147483647;
			files = (
			);
			runOnlyForDeploymentPostprocessing = 0;
		};
/* End PBXResourcesBuildPhase section */

/* Begin PBXSourcesBuildPhase section */
		B176F5EA1AAC5F930032C74D /* Sources */ = {
			isa = PBXSourcesBuildPhase;
			buildActionMask = 2147483647;
			files = (
				B176F5F61AAC5F930032C74D /* ViewController.swift in Sources */,
				B176F5F41AAC5F930032C74D /* AppDelegate.swift in Sources */,
			);
			runOnlyForDeploymentPostprocessing = 0;
		};
		B176F5FF1AAC5F930032C74D /* Sources */ = {
			isa = PBXSourcesBuildPhase;
			buildActionMask = 2147483647;
			files = (
				B176F60A1AAC5F930032C74D /* CassiniTests.swift in Sources */,
			);
			runOnlyForDeploymentPostprocessing = 0;
		};
/* End PBXSourcesBuildPhase section */

/* Begin PBXTargetDependency section */
		B176F6051AAC5F930032C74D /* PBXTargetDependency */ = {
			isa = PBXTargetDependency;
			target = B176F5ED1AAC5F930032C74D /* Cassini */;
			targetProxy = B176F6041AAC5F930032C74D /* PBXContainerItemProxy */;
		};
/* End PBXTargetDependency section */

/* Begin PBXVariantGroup section */
		B176F5F71AAC5F930032C74D /* Main.storyboard */ = {
			isa = PBXVariantGroup;
			children = (
				B176F5F81AAC5F930032C74D /* Base */,
			);
			name = Main.storyboard;
			sourceTree = "<group>";
		};
		B176F5FC1AAC5F930032C74D /* LaunchScreen.xib */ = {
			isa = PBXVariantGroup;
			children = (
				B176F5FD1AAC5F930032C74D /* Base */,
			);
			name = LaunchScreen.xib;
			sourceTree = "<group>";
		};
/* End PBXVariantGroup section */

/* Begin XCBuildConfiguration section */
		B176F60B1AAC5F930032C74D /* Debug */ = {
			isa = XCBuildConfiguration;
			buildSettings = {
				ALWAYS_SEARCH_USER_PATHS = NO;
				CLANG_CXX_LANGUAGE_STANDARD = "gnu++0x";
				CLANG_CXX_LIBRARY = "libc++";
				CLANG_ENABLE_MODULES = YES;
				CLANG_ENABLE_OBJC_ARC = YES;
				CLANG_WARN_BOOL_CONVERSION = YES;
				CLANG_WARN_CONSTANT_CONVERSION = YES;
				CLANG_WARN_DIRECT_OBJC_ISA_USAGE = YES_ERROR;
				CLANG_WARN_EMPTY_BODY = YES;
				CLANG_WARN_ENUM_CONVERSION = YES;
				CLANG_WARN_INT_CONVERSION = YES;
				CLANG_WARN_OBJC_ROOT_CLASS = YES_ERROR;
				CLANG_WARN_UNREACHABLE_CODE = YES;
				CLANG_WARN__DUPLICATE_METHOD_MATCH = YES;
				"CODE_SIGN_IDENTITY[sdk=iphoneos*]" = "iPhone Developer";
				COPY_PHASE_STRIP = NO;
				ENABLE_STRICT_OBJC_MSGSEND = YES;
				GCC_C_LANGUAGE_STANDARD = gnu99;
				GCC_DYNAMIC_NO_PIC = NO;
				GCC_OPTIMIZATION_LEVEL = 0;
				GCC_PREPROCESSOR_DEFINITIONS = (
					"DEBUG=1",
					"$(inherited)",
				);
				GCC_SYMBOLS_PRIVATE_EXTERN = NO;
				GCC_WARN_64_TO_32_BIT_CONVERSION = YES;
				GCC_WARN_ABOUT_RETURN_TYPE = YES_ERROR;
				GCC_WARN_UNDECLARED_SELECTOR = YES;
				GCC_WARN_UNINITIALIZED_AUTOS = YES_AGGRESSIVE;
				GCC_WARN_UNUSED_FUNCTION = YES;
				GCC_WARN_UNUSED_VARIABLE = YES;
				IPHONEOS_DEPLOYMENT_TARGET = 8.1;
				MTL_ENABLE_DEBUG_INFO = YES;
				ONLY_ACTIVE_ARCH = YES;
				SDKROOT = iphoneos;
				SWIFT_OPTIMIZATION_LEVEL = "-Onone";
				TARGETED_DEVICE_FAMILY = "1,2";
			};
			name = Debug;
		};
		B176F60C1AAC5F930032C74D /* Release */ = {
			isa = XCBuildConfiguration;
			buildSettings = {
				ALWAYS_SEARCH_USER_PATHS = NO;
				CLANG_CXX_LANGUAGE_STANDARD = "gnu++0x";
				CLANG_CXX_LIBRARY = "libc++";
				CLANG_ENABLE_MODULES = YES;
				CLANG_ENABLE_OBJC_ARC = YES;
				CLANG_WARN_BOOL_CONVERSION = YES;
				CLANG_WARN_CONSTANT_CONVERSION = YES;
				CLANG_WARN_DIRECT_OBJC_ISA_USAGE = YES_ERROR;
				CLANG_WARN_EMPTY_BODY = YES;
				CLANG_WARN_ENUM_CONVERSION = YES;
				CLANG_WARN_INT_CONVERSION = YES;
				CLANG_WARN_OBJC_ROOT_CLASS = YES_ERROR;
				CLANG_WARN_UNREACHABLE_CODE = YES;
				CLANG_WARN__DUPLICATE_METHOD_MATCH = YES;
				"CODE_SIGN_IDENTITY[sdk=iphoneos*]" = "iPhone Developer";
				COPY_PHASE_STRIP = YES;
				ENABLE_NS_ASSERTIONS = NO;
				ENABLE_STRICT_OBJC_MSGSEND = YES;
				GCC_C_LANGUAGE_STANDARD = gnu99;
				GCC_WARN_64_TO_32_BIT_CONVERSION = YES;
				GCC_WARN_ABOUT_RETURN_TYPE = YES_ERROR;
				GCC_WARN_UNDECLARED_SELECTOR = YES;
				GCC_WARN_UNINITIALIZED_AUTOS = YES_AGGRESSIVE;
				GCC_WARN_UNUSED_FUNCTION = YES;
				GCC_WARN_UNUSED_VARIABLE = YES;
				IPHONEOS_DEPLOYMENT_TARGET = 8.1;
				MTL_ENABLE_DEBUG_INFO = NO;
				SDKROOT = iphoneos;
				TARGETED_DEVICE_FAMILY = "1,2";
				VALIDATE_PRODUCT = YES;
			};
			name = Release;
		};
		B176F60E1AAC5F930032C74D /* Debug */ = {
			isa = XCBuildConfiguration;
			buildSettings = {
				ASSETCATALOG_COMPILER_APPICON_NAME = AppIcon;
				INFOPLIST_FILE = Cassini/Info.plist;
				LD_RUNPATH_SEARCH_PATHS = "$(inherited) @executable_path/Frameworks";
				PRODUCT_NAME = "$(TARGET_NAME)";
			};
			name = Debug;
		};
		B176F60F1AAC5F930032C74D /* Release */ = {
			isa = XCBuildConfiguration;
			buildSettings = {
				ASSETCATALOG_COMPILER_APPICON_NAME = AppIcon;
				INFOPLIST_FILE = Cassini/Info.plist;
				LD_RUNPATH_SEARCH_PATHS = "$(inherited) @executable_path/Frameworks";
				PRODUCT_NAME = "$(TARGET_NAME)";
			};
			name = Release;
		};
		B176F6111AAC5F930032C74D /* Debug */ = {
			isa = XCBuildConfiguration;
			buildSettings = {
				BUNDLE_LOADER = "$(TEST_HOST)";
				FRAMEWORK_SEARCH_PATHS = (
					"$(SDKROOT)/Developer/Library/Frameworks",
					"$(inherited)",
				);
				GCC_PREPROCESSOR_DEFINITIONS = (
					"DEBUG=1",
					"$(inherited)",
				);
				INFOPLIST_FILE = CassiniTests/Info.plist;
				LD_RUNPATH_SEARCH_PATHS = "$(inherited) @executable_path/Frameworks @loader_path/Frameworks";
				PRODUCT_NAME = "$(TARGET_NAME)";
				TEST_HOST = "$(BUILT_PRODUCTS_DIR)/Cassini.app/Cassini";
			};
			name = Debug;
		};
		B176F6121AAC5F930032C74D /* Release */ = {
			isa = XCBuildConfiguration;
			buildSettings = {
				BUNDLE_LOADER = "$(TEST_HOST)";
				FRAMEWORK_SEARCH_PATHS = (
					"$(SDKROOT)/Developer/Library/Frameworks",
					"$(inherited)",
				);
				INFOPLIST_FILE = CassiniTests/Info.plist;
				LD_RUNPATH_SEARCH_PATHS = "$(inherited) @executable_path/Frameworks @loader_path/Frameworks";
				PRODUCT_NAME = "$(TARGET_NAME)";
				TEST_HOST = "$(BUILT_PRODUCTS_DIR)/Cassini.app/Cassini";
			};
			name = Release;
		};
/* End XCBuildConfiguration section */

/* Begin XCConfigurationList section */
		B176F5E91AAC5F930032C74D /* Build configuration list for PBXProject "Cassini" */ = {
			isa = XCConfigurationList;
			buildConfigurations = (
				B176F60B1AAC5F930032C74D /* Debug */,
				B176F60C1AAC5F930032C74D /* Release */,
			);
			defaultConfigurationIsVisible = 0;
			defaultConfigurationName = Release;
		};
		B176F60D1AAC5F930032C74D /* Build configuration list for PBXNativeTarget "Cassini" */ = {
			isa = XCConfigurationList;
			buildConfigurations = (
				B176F60E1AAC5F930032C74D /* Debug */,
				B176F60F1AAC5F930032C74D /* Release */,
			);
			defaultConfigurationIsVisible = 0;
		};
		B176F6101AAC5F930032C74D /* Build configuration list for PBXNativeTarget "CassiniTests" */ = {
			isa = XCConfigurationList;
			buildConfigurations = (
				B176F6111AAC5F930032C74D /* Debug */,
				B176F6121AAC5F930032C74D /* Release */,
			);
			defaultConfigurationIsVisible = 0;
		};
/* End XCConfigurationList section */
	};
	rootObject = B176F5E61AAC5F930032C74D /* Project object */;
}
